
Microsoft Visual Studio Solution File, Format Version 12.00
# Visual Studio Version 17
VisualStudioVersion = 17.8.34330.188
MinimumVisualStudioVersion = 10.0.40219.1
Project("{9A19103F-16F7-4668-BE54-9A1E7A4F7556}") = "Final_Project_PRN", "Final_Project_PRN\Final_Project_PRN.csproj", "{BFCF3734-E912-4D93-B11A-DA453DA8214E}"
EndProject
Global
	GlobalSection(SolutionConfigurationPlatforms) = preSolution
		Debug|Any CPU = Debug|Any CPU
		Release|Any CPU = Release|Any CPU
	EndGlobalSection
	GlobalSection(ProjectConfigurationPlatforms) = postSolution
		{BFCF3734-E912-4D93-B11A-DA453DA8214E}.Debug|Any CPU.ActiveCfg = Debug|Any CPU
		{BFCF3734-E912-4D93-B11A-DA453DA8214E}.Debug|Any CPU.Build.0 = Debug|Any CPU
		{BFCF3734-E912-4D93-B11A-DA453DA8214E}.Release|Any CPU.ActiveCfg = Release|Any CPU
		{BFCF3734-E912-4D93-B11A-DA453DA8214E}.Release|Any CPU.Build.0 = Release|Any CPU
	EndGlobalSection
	GlobalSection(SolutionProperties) = preSolution
		HideSolutionNode = FALSE
	EndGlobalSection
	GlobalSection(ExtensibilityGlobals) = postSolution
		SolutionGuid = {A928AE03-E3F4-4914-8EB2-D537E2B23E2F}
	EndGlobalSection
EndGlobal
